
Microsoft Visual Studio Solution File, Format Version 12.00
# Visual Studio Version 16
VisualStudioVersion = 16.0.29230.47
MinimumVisualStudioVersion = 10.0.40219.1
Project("{2150E333-8FDC-42A3-9474-1A3956D46DE8}") = "Backends", "Backends", "{2436F08C-EFBA-4233-B72E-3EA49D8179B5}"
EndProject
Project("{2150E333-8FDC-42A3-9474-1A3956D46DE8}") = "LLVM", "LLVM", "{D88D0A71-2D0E-4D18-A3E9-F00C663C8196}"
EndProject
Project("{9A19103F-16F7-4668-BE54-9A1E7A4F7556}") = "CompilerLibrary", "CompilerLibrary\CompilerLibrary.csproj", "{BBDCB000-95D4-4747-9E69-AE7D260CD401}"
EndProject
Project("{9A19103F-16F7-4668-BE54-9A1E7A4F7556}") = "LLVMSharpBackend", "Backends\LLVM\LLVMSharpBackend\LLVMSharpBackend.csproj", "{3AA41F6B-4465-4D75-812E-AEE52C95A081}"
EndProject
Project("{9A19103F-16F7-4668-BE54-9A1E7A4F7556}") = "CompilerCLI", "CompilerCLI\CompilerCLI.csproj", "{06A9B4B8-F07E-4F1E-870E-BB606A0AA91D}"
EndProject
Global
	GlobalSection(SolutionConfigurationPlatforms) = preSolution
		Debug|Any CPU = Debug|Any CPU
		Debug|x64 = Debug|x64
		Debug|x86 = Debug|x86
		Release|Any CPU = Release|Any CPU
		Release|x64 = Release|x64
		Release|x86 = Release|x86
	EndGlobalSection
	GlobalSection(ProjectConfigurationPlatforms) = postSolution
		{BBDCB000-95D4-4747-9E69-AE7D260CD401}.Debug|Any CPU.ActiveCfg = Debug|Any CPU
		{BBDCB000-95D4-4747-9E69-AE7D260CD401}.Debug|Any CPU.Build.0 = Debug|Any CPU
		{BBDCB000-95D4-4747-9E69-AE7D260CD401}.Debug|x64.ActiveCfg = Debug|Any CPU
		{BBDCB000-95D4-4747-9E69-AE7D260CD401}.Debug|x64.Build.0 = Debug|Any CPU
		{BBDCB000-95D4-4747-9E69-AE7D260CD401}.Debug|x86.ActiveCfg = Debug|Any CPU
		{BBDCB000-95D4-4747-9E69-AE7D260CD401}.Debug|x86.Build.0 = Debug|Any CPU
		{BBDCB000-95D4-4747-9E69-AE7D260CD401}.Release|Any CPU.ActiveCfg = Release|Any CPU
		{BBDCB000-95D4-4747-9E69-AE7D260CD401}.Release|Any CPU.Build.0 = Release|Any CPU
		{BBDCB000-95D4-4747-9E69-AE7D260CD401}.Release|x64.ActiveCfg = Release|Any CPU
		{BBDCB000-95D4-4747-9E69-AE7D260CD401}.Release|x64.Build.0 = Release|Any CPU
		{BBDCB000-95D4-4747-9E69-AE7D260CD401}.Release|x86.ActiveCfg = Release|Any CPU
		{BBDCB000-95D4-4747-9E69-AE7D260CD401}.Release|x86.Build.0 = Release|Any CPU
		{3AA41F6B-4465-4D75-812E-AEE52C95A081}.Debug|Any CPU.ActiveCfg = Debug|Any CPU
		{3AA41F6B-4465-4D75-812E-AEE52C95A081}.Debug|Any CPU.Build.0 = Debug|Any CPU
		{3AA41F6B-4465-4D75-812E-AEE52C95A081}.Debug|x64.ActiveCfg = Debug|Any CPU
		{3AA41F6B-4465-4D75-812E-AEE52C95A081}.Debug|x64.Build.0 = Debug|Any CPU
		{3AA41F6B-4465-4D75-812E-AEE52C95A081}.Debug|x86.ActiveCfg = Debug|Any CPU
		{3AA41F6B-4465-4D75-812E-AEE52C95A081}.Debug|x86.Build.0 = Debug|Any CPU
		{3AA41F6B-4465-4D75-812E-AEE52C95A081}.Release|Any CPU.ActiveCfg = Release|Any CPU
		{3AA41F6B-4465-4D75-812E-AEE52C95A081}.Release|Any CPU.Build.0 = Release|Any CPU
		{3AA41F6B-4465-4D75-812E-AEE52C95A081}.Release|x64.ActiveCfg = Release|Any CPU
		{3AA41F6B-4465-4D75-812E-AEE52C95A081}.Release|x64.Build.0 = Release|Any CPU
		{3AA41F6B-4465-4D75-812E-AEE52C95A081}.Release|x86.ActiveCfg = Release|Any CPU
		{3AA41F6B-4465-4D75-812E-AEE52C95A081}.Release|x86.Build.0 = Release|Any CPU
		{06A9B4B8-F07E-4F1E-870E-BB606A0AA91D}.Debug|Any CPU.ActiveCfg = Debug|Any CPU
		{06A9B4B8-F07E-4F1E-870E-BB606A0AA91D}.Debug|Any CPU.Build.0 = Debug|Any CPU
		{06A9B4B8-F07E-4F1E-870E-BB606A0AA91D}.Debug|x64.ActiveCfg = Debug|Any CPU
		{06A9B4B8-F07E-4F1E-870E-BB606A0AA91D}.Debug|x64.Build.0 = Debug|Any CPU
		{06A9B4B8-F07E-4F1E-870E-BB606A0AA91D}.Debug|x86.ActiveCfg = Debug|Any CPU
		{06A9B4B8-F07E-4F1E-870E-BB606A0AA91D}.Debug|x86.Build.0 = Debug|Any CPU
		{06A9B4B8-F07E-4F1E-870E-BB606A0AA91D}.Release|Any CPU.ActiveCfg = Release|Any CPU
		{06A9B4B8-F07E-4F1E-870E-BB606A0AA91D}.Release|Any CPU.Build.0 = Release|Any CPU
		{06A9B4B8-F07E-4F1E-870E-BB606A0AA91D}.Release|x64.ActiveCfg = Release|Any CPU
		{06A9B4B8-F07E-4F1E-870E-BB606A0AA91D}.Release|x64.Build.0 = Release|Any CPU
		{06A9B4B8-F07E-4F1E-870E-BB606A0AA91D}.Release|x86.ActiveCfg = Release|Any CPU
		{06A9B4B8-F07E-4F1E-870E-BB606A0AA91D}.Release|x86.Build.0 = Release|Any CPU
	EndGlobalSection
	GlobalSection(SolutionProperties) = preSolution
		HideSolutionNode = FALSE
	EndGlobalSection
	GlobalSection(NestedProjects) = preSolution
		{D88D0A71-2D0E-4D18-A3E9-F00C663C8196} = {2436F08C-EFBA-4233-B72E-3EA49D8179B5}
		{3AA41F6B-4465-4D75-812E-AEE52C95A081} = {D88D0A71-2D0E-4D18-A3E9-F00C663C8196}
	EndGlobalSection
	GlobalSection(ExtensibilityGlobals) = postSolution
		SolutionGuid = {F405CD8B-BFF6-4AE1-BC0D-F0AF87F7AC8D}
	EndGlobalSection
EndGlobal
