
Microsoft Visual Studio Solution File, Format Version 12.00
# Visual Studio 15
VisualStudioVersion = 15.0.26730.12
MinimumVisualStudioVersion = 10.0.40219.1
Project("{FAE04EC0-301F-11D3-BF4B-00C04F79EFBC}") = "CheezCompiler", "CheezCompiler\CheezCompiler.csproj", "{18994E2F-310A-460F-AB2F-3AF665CE7F67}"
EndProject
Project("{FAE04EC0-301F-11D3-BF4B-00C04F79EFBC}") = "CompilerCLI", "CompilerCLI\CompilerCLI.csproj", "{7E8D323A-959C-4387-8405-184081032D62}"
EndProject
Project("{FAE04EC0-301F-11D3-BF4B-00C04F79EFBC}") = "CheezLanguageServer", "LanguageServer\Server\CheezLanguageServer.csproj", "{B43C7AC6-EAF2-4B9A-B44F-87513E089FB5}"
EndProject
Project("{8BC9CEB8-8B4A-11D0-8D11-00A0C91BC942}") = "Linker", "Linker\Linker.vcxproj", "{852C7066-356E-44D4-9805-5C9D0E4896E8}"
EndProject
Global
	GlobalSection(SolutionConfigurationPlatforms) = preSolution
		Debug|Any CPU = Debug|Any CPU
		Debug|x64 = Debug|x64
		Debug|x86 = Debug|x86
		Release|Any CPU = Release|Any CPU
		Release|x64 = Release|x64
		Release|x86 = Release|x86
	EndGlobalSection
	GlobalSection(ProjectConfigurationPlatforms) = postSolution
		{18994E2F-310A-460F-AB2F-3AF665CE7F67}.Debug|Any CPU.ActiveCfg = Debug|Any CPU
		{18994E2F-310A-460F-AB2F-3AF665CE7F67}.Debug|Any CPU.Build.0 = Debug|Any CPU
		{18994E2F-310A-460F-AB2F-3AF665CE7F67}.Debug|x64.ActiveCfg = Debug|Any CPU
		{18994E2F-310A-460F-AB2F-3AF665CE7F67}.Debug|x64.Build.0 = Debug|Any CPU
		{18994E2F-310A-460F-AB2F-3AF665CE7F67}.Debug|x86.ActiveCfg = Debug|Any CPU
		{18994E2F-310A-460F-AB2F-3AF665CE7F67}.Debug|x86.Build.0 = Debug|Any CPU
		{18994E2F-310A-460F-AB2F-3AF665CE7F67}.Release|Any CPU.ActiveCfg = Release|Any CPU
		{18994E2F-310A-460F-AB2F-3AF665CE7F67}.Release|Any CPU.Build.0 = Release|Any CPU
		{18994E2F-310A-460F-AB2F-3AF665CE7F67}.Release|x64.ActiveCfg = Release|Any CPU
		{18994E2F-310A-460F-AB2F-3AF665CE7F67}.Release|x64.Build.0 = Release|Any CPU
		{18994E2F-310A-460F-AB2F-3AF665CE7F67}.Release|x86.ActiveCfg = Release|Any CPU
		{18994E2F-310A-460F-AB2F-3AF665CE7F67}.Release|x86.Build.0 = Release|Any CPU
		{7E8D323A-959C-4387-8405-184081032D62}.Debug|Any CPU.ActiveCfg = Debug|Any CPU
		{7E8D323A-959C-4387-8405-184081032D62}.Debug|Any CPU.Build.0 = Debug|Any CPU
		{7E8D323A-959C-4387-8405-184081032D62}.Debug|x64.ActiveCfg = Debug|Any CPU
		{7E8D323A-959C-4387-8405-184081032D62}.Debug|x64.Build.0 = Debug|Any CPU
		{7E8D323A-959C-4387-8405-184081032D62}.Debug|x86.ActiveCfg = Debug|Any CPU
		{7E8D323A-959C-4387-8405-184081032D62}.Debug|x86.Build.0 = Debug|Any CPU
		{7E8D323A-959C-4387-8405-184081032D62}.Release|Any CPU.ActiveCfg = Release|Any CPU
		{7E8D323A-959C-4387-8405-184081032D62}.Release|Any CPU.Build.0 = Release|Any CPU
		{7E8D323A-959C-4387-8405-184081032D62}.Release|x64.ActiveCfg = Release|Any CPU
		{7E8D323A-959C-4387-8405-184081032D62}.Release|x64.Build.0 = Release|Any CPU
		{7E8D323A-959C-4387-8405-184081032D62}.Release|x86.ActiveCfg = Release|Any CPU
		{7E8D323A-959C-4387-8405-184081032D62}.Release|x86.Build.0 = Release|Any CPU
		{B43C7AC6-EAF2-4B9A-B44F-87513E089FB5}.Debug|Any CPU.ActiveCfg = Debug|Any CPU
		{B43C7AC6-EAF2-4B9A-B44F-87513E089FB5}.Debug|Any CPU.Build.0 = Debug|Any CPU
		{B43C7AC6-EAF2-4B9A-B44F-87513E089FB5}.Debug|x64.ActiveCfg = Debug|Any CPU
		{B43C7AC6-EAF2-4B9A-B44F-87513E089FB5}.Debug|x64.Build.0 = Debug|Any CPU
		{B43C7AC6-EAF2-4B9A-B44F-87513E089FB5}.Debug|x86.ActiveCfg = Debug|Any CPU
		{B43C7AC6-EAF2-4B9A-B44F-87513E089FB5}.Debug|x86.Build.0 = Debug|Any CPU
		{B43C7AC6-EAF2-4B9A-B44F-87513E089FB5}.Release|Any CPU.ActiveCfg = Release|Any CPU
		{B43C7AC6-EAF2-4B9A-B44F-87513E089FB5}.Release|Any CPU.Build.0 = Release|Any CPU
		{B43C7AC6-EAF2-4B9A-B44F-87513E089FB5}.Release|x64.ActiveCfg = Release|Any CPU
		{B43C7AC6-EAF2-4B9A-B44F-87513E089FB5}.Release|x64.Build.0 = Release|Any CPU
		{B43C7AC6-EAF2-4B9A-B44F-87513E089FB5}.Release|x86.ActiveCfg = Release|Any CPU
		{B43C7AC6-EAF2-4B9A-B44F-87513E089FB5}.Release|x86.Build.0 = Release|Any CPU
		{852C7066-356E-44D4-9805-5C9D0E4896E8}.Debug|Any CPU.ActiveCfg = Release|Win32
		{852C7066-356E-44D4-9805-5C9D0E4896E8}.Debug|x64.ActiveCfg = Debug|x64
		{852C7066-356E-44D4-9805-5C9D0E4896E8}.Debug|x64.Build.0 = Debug|x64
		{852C7066-356E-44D4-9805-5C9D0E4896E8}.Debug|x86.ActiveCfg = Debug|Win32
		{852C7066-356E-44D4-9805-5C9D0E4896E8}.Debug|x86.Build.0 = Debug|Win32
		{852C7066-356E-44D4-9805-5C9D0E4896E8}.Release|Any CPU.ActiveCfg = Release|Win32
		{852C7066-356E-44D4-9805-5C9D0E4896E8}.Release|x64.ActiveCfg = Release|x64
		{852C7066-356E-44D4-9805-5C9D0E4896E8}.Release|x64.Build.0 = Release|x64
		{852C7066-356E-44D4-9805-5C9D0E4896E8}.Release|x86.ActiveCfg = Release|Win32
		{852C7066-356E-44D4-9805-5C9D0E4896E8}.Release|x86.Build.0 = Release|Win32
	EndGlobalSection
	GlobalSection(SolutionProperties) = preSolution
		HideSolutionNode = FALSE
	EndGlobalSection
	GlobalSection(ExtensibilityGlobals) = postSolution
		SolutionGuid = {F405CD8B-BFF6-4AE1-BC0D-F0AF87F7AC8D}
	EndGlobalSection
EndGlobal
